// !$*UTF8*$!
{
	archiveVersion = 1;
	classes = {
	};
	objectVersion = 46;
	objects = {

/* Begin PBXBuildFile section */
		1815915F1EEBD612002D1501 /* AppDelegate.swift in Sources */ = {isa = PBXBuildFile; fileRef = 1815915E1EEBD612002D1501 /* AppDelegate.swift */; };
		181591611EEBD612002D1501 /* MasterViewController.swift in Sources */ = {isa = PBXBuildFile; fileRef = 181591601EEBD612002D1501 /* MasterViewController.swift */; };
		181591631EEBD612002D1501 /* DetailViewController.swift in Sources */ = {isa = PBXBuildFile; fileRef = 181591621EEBD612002D1501 /* DetailViewController.swift */; };
		181591661EEBD612002D1501 /* Main.storyboard in Resources */ = {isa = PBXBuildFile; fileRef = 181591641EEBD612002D1501 /* Main.storyboard */; };
		181591681EEBD612002D1501 /* Assets.xcassets in Resources */ = {isa = PBXBuildFile; fileRef = 181591671EEBD612002D1501 /* Assets.xcassets */; };
		1815916B1EEBD612002D1501 /* LaunchScreen.storyboard in Resources */ = {isa = PBXBuildFile; fileRef = 181591691EEBD612002D1501 /* LaunchScreen.storyboard */; };
/* End PBXBuildFile section */

/* Begin PBXFileReference section */
		1815915B1EEBD612002D1501 /* Somemaster.app */ = {isa = PBXFileReference; explicitFileType = wrapper.application; includeInIndex = 0; path = Somemaster.app; sourceTree = BUILT_PRODUCTS_DIR; };
		1815915E1EEBD612002D1501 /* AppDelegate.swift */ = {isa = PBXFileReference; lastKnownFileType = sourcecode.swift; path = AppDelegate.swift; sourceTree = "<group>"; };
		181591601EEBD612002D1501 /* MasterViewController.swift */ = {isa = PBXFileReference; lastKnownFileType = sourcecode.swift; path = MasterViewController.swift; sourceTree = "<group>"; };
		181591621EEBD612002D1501 /* DetailViewController.swift */ = {isa = PBXFileReference; lastKnownFileType = sourcecode.swift; path = DetailViewController.swift; sourceTree = "<group>"; };
		181591651EEBD612002D1501 /* Base */ = {isa = PBXFileReference; lastKnownFileType = file.storyboard; name = Base; path = Base.lproj/Main.storyboard; sourceTree = "<group>"; };
		181591671EEBD612002D1501 /* Assets.xcassets */ = {isa = PBXFileReference; lastKnownFileType = folder.assetcatalog; path = Assets.xcassets; sourceTree = "<group>"; };
		1815916A1EEBD612002D1501 /* Base */ = {isa = PBXFileReference; lastKnownFileType = file.storyboard; name = Base; path = Base.lproj/LaunchScreen.storyboard; sourceTree = "<group>"; };
		1815916C1EEBD612002D1501 /* Info.plist */ = {isa = PBXFileReference; lastKnownFileType = text.plist.xml; path = Info.plist; sourceTree = "<group>"; };
/* End PBXFileReference section */

/* Begin PBXFrameworksBuildPhase section */
		181591581EEBD612002D1501 /* Frameworks */ = {
			isa = PBXFrameworksBuildPhase;
			buildActionMask = 2147483647;
			files = (
			);
			runOnlyForDeploymentPostprocessing = 0;
		};
/* End PBXFrameworksBuildPhase section */

/* Begin PBXGroup section */
		181591521EEBD612002D1501 = {
			isa = PBXGroup;
			children = (
				1815915D1EEBD612002D1501 /* Somemaster */,
				1815915C1EEBD612002D1501 /* Products */,
			);
			sourceTree = "<group>";
		};
		1815915C1EEBD612002D1501 /* Products */ = {
			isa = PBXGroup;
			children = (
				1815915B1EEBD612002D1501 /* Somemaster.app */,
			);
			name = Products;
			sourceTree = "<group>";
		};
		1815915D1EEBD612002D1501 /* Somemaster */ = {
			isa = PBXGroup;
			children = (
				1815915E1EEBD612002D1501 /* AppDelegate.swift */,
				181591601EEBD612002D1501 /* MasterViewController.swift */,
				181591621EEBD612002D1501 /* DetailViewController.swift */,
				181591641EEBD612002D1501 /* Main.storyboard */,
				181591671EEBD612002D1501 /* Assets.xcassets */,
				181591691EEBD612002D1501 /* LaunchScreen.storyboard */,
				1815916C1EEBD612002D1501 /* Info.plist */,
			);
			path = Somemaster;
			sourceTree = "<group>";
		};
/* End PBXGroup section */

/* Begin PBXNativeTarget section */
		1815915A1EEBD612002D1501 /* Somemaster */ = {
			isa = PBXNativeTarget;
			buildConfigurationList = 1815916F1EEBD612002D1501 /* Build configuration list for PBXNativeTarget "Somemaster" */;
			buildPhases = (
				181591571EEBD612002D1501 /* Sources */,
				181591581EEBD612002D1501 /* Frameworks */,
				181591591EEBD612002D1501 /* Resources */,
			);
			buildRules = (
			);
			dependencies = (
			);
			name = Somemaster;
			productName = Somemaster;
			productReference = 1815915B1EEBD612002D1501 /* Somemaster.app */;
			productType = "com.apple.product-type.application";
		};
/* End PBXNativeTarget section */

/* Begin PBXProject section */
		181591531EEBD612002D1501 /* Project object */ = {
			isa = PBXProject;
			attributes = {
				LastSwiftUpdateCheck = 0830;
				LastUpgradeCheck = 0830;
				ORGANIZATIONNAME = Vinoth;
				TargetAttributes = {
					1815915A1EEBD612002D1501 = {
						CreatedOnToolsVersion = 8.3.2;
						DevelopmentTeam = 9W5W4S5PA3;
						ProvisioningStyle = Automatic;
					};
				};
			};
			buildConfigurationList = 181591561EEBD612002D1501 /* Build configuration list for PBXProject "Somemaster" */;
			compatibilityVersion = "Xcode 3.2";
			developmentRegion = English;
			hasScannedForEncodings = 0;
			knownRegions = (
				en,
				Base,
			);
			mainGroup = 181591521EEBD612002D1501;
			productRefGroup = 1815915C1EEBD612002D1501 /* Products */;
			projectDirPath = "";
			projectRoot = "";
			targets = (
				1815915A1EEBD612002D1501 /* Somemaster */,
			);
		};
/* End PBXProject section */

/* Begin PBXResourcesBuildPhase section */
		181591591EEBD612002D1501 /* Resources */ = {
			isa = PBXResourcesBuildPhase;
			buildActionMask = 2147483647;
			files = (
				1815916B1EEBD612002D1501 /* LaunchScreen.storyboard in Resources */,
				181591681EEBD612002D1501 /* Assets.xcassets in Resources */,
				181591661EEBD612002D1501 /* Main.storyboard in Resources */,
			);
			runOnlyForDeploymentPostprocessing = 0;
		};
/* End PBXResourcesBuildPhase section */

/* Begin PBXSourcesBuildPhase section */
		181591571EEBD612002D1501 /* Sources */ = {
			isa = PBXSourcesBuildPhase;
			buildActionMask = 2147483647;
			files = (
				181591631EEBD612002D1501 /* DetailViewController.swift in Sources */,
				181591611EEBD612002D1501 /* MasterViewController.swift in Sources */,
				1815915F1EEBD612002D1501 /* AppDelegate.swift in Sources */,
			);
			runOnlyForDeploymentPostprocessing = 0;
		};
/* End PBXSourcesBuildPhase section */

/* Begin PBXVariantGroup section */
		181591641EEBD612002D1501 /* Main.storyboard */ = {
			isa = PBXVariantGroup;
			children = (
				181591651EEBD612002D1501 /* Base */,
			);
			name = Main.storyboard;
			sourceTree = "<group>";
		};
		181591691EEBD612002D1501 /* LaunchScreen.storyboard */ = {
			isa = PBXVariantGroup;
			children = (
				1815916A1EEBD612002D1501 /* Base */,
			);
			name = LaunchScreen.storyboard;
			sourceTree = "<group>";
		};
/* End PBXVariantGroup section */

/* Begin XCBuildConfiguration section */
		1815916D1EEBD612002D1501 /* Debug */ = {
			isa = XCBuildConfiguration;
			buildSettings = {
				ALWAYS_SEARCH_USER_PATHS = NO;
				CLANG_ANALYZER_NONNULL = YES;
				CLANG_ANALYZER_NUMBER_OBJECT_CONVERSION = YES_AGGRESSIVE;
				CLANG_CXX_LANGUAGE_STANDARD = "gnu++0x";
				CLANG_CXX_LIBRARY = "libc++";
				CLANG_ENABLE_MODULES = YES;
				CLANG_ENABLE_OBJC_ARC = YES;
				CLANG_WARN_BOOL_CONVERSION = YES;
				CLANG_WARN_CONSTANT_CONVERSION = YES;
				CLANG_WARN_DIRECT_OBJC_ISA_USAGE = YES_ERROR;
				CLANG_WARN_DOCUMENTATION_COMMENTS = YES;
				CLANG_WARN_EMPTY_BODY = YES;
				CLANG_WARN_ENUM_CONVERSION = YES;
				CLANG_WARN_INFINITE_RECURSION = YES;
				CLANG_WARN_INT_CONVERSION = YES;
				CLANG_WARN_OBJC_ROOT_CLASS = YES_ERROR;
				CLANG_WARN_SUSPICIOUS_MOVE = YES;
				CLANG_WARN_UNREACHABLE_CODE = YES;
				CLANG_WARN__DUPLICATE_METHOD_MATCH = YES;
				"CODE_SIGN_IDENTITY[sdk=iphoneos*]" = "iPhone Developer";
				COPY_PHASE_STRIP = NO;
				DEBUG_INFORMATION_FORMAT = dwarf;
				ENABLE_STRICT_OBJC_MSGSEND = YES;
				ENABLE_TESTABILITY = YES;
				GCC_C_LANGUAGE_STANDARD = gnu99;
				GCC_DYNAMIC_NO_PIC = NO;
				GCC_NO_COMMON_BLOCKS = YES;
				GCC_OPTIMIZATION_LEVEL = 0;
				GCC_PREPROCESSOR_DEFINITIONS = (
					"DEBUG=1",
					"$(inherited)",
				);
				GCC_WARN_64_TO_32_BIT_CONVERSION = YES;
				GCC_WARN_ABOUT_RETURN_TYPE = YES_ERROR;
				GCC_WARN_UNDECLARED_SELECTOR = YES;
				GCC_WARN_UNINITIALIZED_AUTOS = YES_AGGRESSIVE;
				GCC_WARN_UNUSED_FUNCTION = YES;
				GCC_WARN_UNUSED_VARIABLE = YES;
				IPHONEOS_DEPLOYMENT_TARGET = 10.3;
				MTL_ENABLE_DEBUG_INFO = YES;
				ONLY_ACTIVE_ARCH = YES;
				SDKROOT = iphoneos;
				SWIFT_ACTIVE_COMPILATION_CONDITIONS = DEBUG;
				SWIFT_OPTIMIZATION_LEVEL = "-Onone";
				TARGETED_DEVICE_FAMILY = "1,2";
			};
			name = Debug;
		};
		1815916E1EEBD612002D1501 /* Release */ = {
			isa = XCBuildConfiguration;
			buildSettings = {
				ALWAYS_SEARCH_USER_PATHS = NO;
				CLANG_ANALYZER_NONNULL = YES;
				CLANG_ANALYZER_NUMBER_OBJECT_CONVERSION = YES_AGGRESSIVE;
				CLANG_CXX_LANGUAGE_STANDARD = "gnu++0x";
				CLANG_CXX_LIBRARY = "libc++";
				CLANG_ENABLE_MODULES = YES;
				CLANG_ENABLE_OBJC_ARC = YES;
				CLANG_WARN_BOOL_CONVERSION = YES;
				CLANG_WARN_CONSTANT_CONVERSION = YES;
				CLANG_WARN_DIRECT_OBJC_ISA_USAGE = YES_ERROR;
				CLANG_WARN_DOCUMENTATION_COMMENTS = YES;
				CLANG_WARN_EMPTY_BODY = YES;
				CLANG_WARN_ENUM_CONVERSION = YES;
				CLANG_WARN_INFINITE_RECURSION = YES;
				CLANG_WARN_INT_CONVERSION = YES;
				CLANG_WARN_OBJC_ROOT_CLASS = YES_ERROR;
				CLANG_WARN_SUSPICIOUS_MOVE = YES;
				CLANG_WARN_UNREACHABLE_CODE = YES;
				CLANG_WARN__DUPLICATE_METHOD_MATCH = YES;
				"CODE_SIGN_IDENTITY[sdk=iphoneos*]" = "iPhone Developer";
				COPY_PHASE_STRIP = NO;
				DEBUG_INFORMATION_FORMAT = "dwarf-with-dsym";
				ENABLE_NS_ASSERTIONS = NO;
				ENABLE_STRICT_OBJC_MSGSEND = YES;
				GCC_C_LANGUAGE_STANDARD = gnu99;
				GCC_NO_COMMON_BLOCKS = YES;
				GCC_WARN_64_TO_32_BIT_CONVERSION = YES;
				GCC_WARN_ABOUT_RETURN_TYPE = YES_ERROR;
				GCC_WARN_UNDECLARED_SELECTOR = YES;
				GCC_WARN_UNINITIALIZED_AUTOS = YES_AGGRESSIVE;
				GCC_WARN_UNUSED_FUNCTION = YES;
				GCC_WARN_UNUSED_VARIABLE = YES;
				IPHONEOS_DEPLOYMENT_TARGET = 10.3;
				MTL_ENABLE_DEBUG_INFO = NO;
				SDKROOT = iphoneos;
				SWIFT_OPTIMIZATION_LEVEL = "-Owholemodule";
				TARGETED_DEVICE_FAMILY = "1,2";
				VALIDATE_PRODUCT = YES;
			};
			name = Release;
		};
		181591701EEBD612002D1501 /* Debug */ = {
			isa = XCBuildConfiguration;
			buildSettings = {
				ASSETCATALOG_COMPILER_APPICON_NAME = AppIcon;
				DEVELOPMENT_TEAM = 9W5W4S5PA3;
				INFOPLIST_FILE = Somemaster/Info.plist;
				LD_RUNPATH_SEARCH_PATHS = "$(inherited) @executable_path/Frameworks";
				PRODUCT_BUNDLE_IDENTIFIER = com.activeai.Somemaster;
				PRODUCT_NAME = "$(TARGET_NAME)";
				SWIFT_VERSION = 3.0;
			};
			name = Debug;
		};
		181591711EEBD612002D1501 /* Release */ = {
			isa = XCBuildConfiguration;
			buildSettings = {
				ASSETCATALOG_COMPILER_APPICON_NAME = AppIcon;
				DEVELOPMENT_TEAM = 9W5W4S5PA3;
				INFOPLIST_FILE = Somemaster/Info.plist;
				LD_RUNPATH_SEARCH_PATHS = "$(inherited) @executable_path/Frameworks";
				PRODUCT_BUNDLE_IDENTIFIER = com.activeai.Somemaster;
				PRODUCT_NAME = "$(TARGET_NAME)";
				SWIFT_VERSION = 3.0;
			};
			name = Release;
		};
/* End XCBuildConfiguration section */

/* Begin XCConfigurationList section */
		181591561EEBD612002D1501 /* Build configuration list for PBXProject "Somemaster" */ = {
			isa = XCConfigurationList;
			buildConfigurations = (
				1815916D1EEBD612002D1501 /* Debug */,
				1815916E1EEBD612002D1501 /* Release */,
			);
			defaultConfigurationIsVisible = 0;
			defaultConfigurationName = Release;
		};
		1815916F1EEBD612002D1501 /* Build configuration list for PBXNativeTarget "Somemaster" */ = {
			isa = XCConfigurationList;
			buildConfigurations = (
				181591701EEBD612002D1501 /* Debug */,
				181591711EEBD612002D1501 /* Release */,
			);
			defaultConfigurationIsVisible = 0;
			defaultConfigurationName = Release;
		};
/* End XCConfigurationList section */
	};
	rootObject = 181591531EEBD612002D1501 /* Project object */;
}
